
Microsoft Visual Studio Solution File, Format Version 12.00
# Visual Studio 15
VisualStudioVersion = 15.0.27703.2035
MinimumVisualStudioVersion = 10.0.40219.1
Project("{FAE04EC0-301F-11D3-BF4B-00C04F79EFBC}") = "dotNetWCF", "dotNetWCF\dotNetWCF.csproj", "{D9DD9620-EC94-4E2C-9E02-4D28ECB6F933}"
EndProject
Project("{FAE04EC0-301F-11D3-BF4B-00C04F79EFBC}") = "MathServiceTestApp1", "MathServiceTestApp1\MathServiceTestApp1.csproj", "{3083E347-DF44-4FF4-903E-A98555777A6D}"
	ProjectSection(ProjectDependencies) = postProject
		{D9DD9620-EC94-4E2C-9E02-4D28ECB6F933} = {D9DD9620-EC94-4E2C-9E02-4D28ECB6F933}
	EndProjectSection
EndProject
Project("{FAE04EC0-301F-11D3-BF4B-00C04F79EFBC}") = "MongoSharp", "MongoSharp\MongoSharp.csproj", "{4DB8ECA9-67BB-412A-9501-0C9E3A908ACE}"
EndProject
Global
	GlobalSection(SolutionConfigurationPlatforms) = preSolution
		Debug|Any CPU = Debug|Any CPU
		Release|Any CPU = Release|Any CPU
	EndGlobalSection
	GlobalSection(ProjectConfigurationPlatforms) = postSolution
		{D9DD9620-EC94-4E2C-9E02-4D28ECB6F933}.Debug|Any CPU.ActiveCfg = Debug|Any CPU
		{D9DD9620-EC94-4E2C-9E02-4D28ECB6F933}.Debug|Any CPU.Build.0 = Debug|Any CPU
		{D9DD9620-EC94-4E2C-9E02-4D28ECB6F933}.Release|Any CPU.ActiveCfg = Release|Any CPU
		{D9DD9620-EC94-4E2C-9E02-4D28ECB6F933}.Release|Any CPU.Build.0 = Release|Any CPU
		{3083E347-DF44-4FF4-903E-A98555777A6D}.Debug|Any CPU.ActiveCfg = Debug|Any CPU
		{3083E347-DF44-4FF4-903E-A98555777A6D}.Debug|Any CPU.Build.0 = Debug|Any CPU
		{3083E347-DF44-4FF4-903E-A98555777A6D}.Release|Any CPU.ActiveCfg = Release|Any CPU
		{3083E347-DF44-4FF4-903E-A98555777A6D}.Release|Any CPU.Build.0 = Release|Any CPU
		{4DB8ECA9-67BB-412A-9501-0C9E3A908ACE}.Debug|Any CPU.ActiveCfg = Debug|Any CPU
		{4DB8ECA9-67BB-412A-9501-0C9E3A908ACE}.Debug|Any CPU.Build.0 = Debug|Any CPU
		{4DB8ECA9-67BB-412A-9501-0C9E3A908ACE}.Release|Any CPU.ActiveCfg = Release|Any CPU
		{4DB8ECA9-67BB-412A-9501-0C9E3A908ACE}.Release|Any CPU.Build.0 = Release|Any CPU
	EndGlobalSection
	GlobalSection(SolutionProperties) = preSolution
		HideSolutionNode = FALSE
	EndGlobalSection
	GlobalSection(ExtensibilityGlobals) = postSolution
		SolutionGuid = {06991283-AB61-4DBE-88F8-E046C062A89C}
	EndGlobalSection
EndGlobal
